<?xml version="1.0" encoding="UTF-8"?>
<CodeBlocks_project_file>
	<FileVersion major="1" minor="6"/>
	<Project>
		<Option title="mach"/>
		<Option makefile_is_custom="1"/>
		<Option compiler="clang"/>
		<Option virtualFolders="CMake Files\;CMake Files\..\;CMake Files\..\..\;CMake Files\..\..\..\;CMake Files\..\..\..\..\;CMake Files\..\..\..\..\..\;CMake Files\..\..\..\..\..\usr\;CMake Files\..\..\..\..\..\usr\lib64\;CMake Files\..\..\..\..\..\usr\lib64\cmake\;CMake Files\..\..\..\..\..\usr\lib64\cmake\glfw3\;"/>
		<Build>
			<Target title="all">
				<Option working_dir="/home/mtesseract/dev/cpp/mach"/>
				<Option type="4"/>
				<MakeCommands>
					<Build command="/usr/bin/make -j8 -f &quot;/home/mtesseract/dev/cpp/mach/Makefile&quot;  VERBOSE=1 all"/>
					<CompileFile command="/usr/bin/make -j8 -f &quot;/home/mtesseract/dev/cpp/mach/Makefile&quot;  VERBOSE=1 &quot;$file&quot;"/>
					<Clean command="/usr/bin/make -j8 -f &quot;/home/mtesseract/dev/cpp/mach/Makefile&quot;  VERBOSE=1 clean"/>
					<DistClean command="/usr/bin/make -j8 -f &quot;/home/mtesseract/dev/cpp/mach/Makefile&quot;  VERBOSE=1 clean"/>
				</MakeCommands>
			</Target>
			<Target title="rebuild_cache">
				<Option working_dir="/home/mtesseract/dev/cpp/mach"/>
				<Option type="4"/>
				<MakeCommands>
					<Build command="/usr/bin/make -j8 -f &quot;/home/mtesseract/dev/cpp/mach/Makefile&quot;  VERBOSE=1 rebuild_cache"/>
					<CompileFile command="/usr/bin/make -j8 -f &quot;/home/mtesseract/dev/cpp/mach/Makefile&quot;  VERBOSE=1 &quot;$file&quot;"/>
					<Clean command="/usr/bin/make -j8 -f &quot;/home/mtesseract/dev/cpp/mach/Makefile&quot;  VERBOSE=1 clean"/>
					<DistClean command="/usr/bin/make -j8 -f &quot;/home/mtesseract/dev/cpp/mach/Makefile&quot;  VERBOSE=1 clean"/>
				</MakeCommands>
			</Target>
			<Target title="mach">
				<Option output="/home/mtesseract/dev/cpp/mach/mach" prefix_auto="0" extension_auto="0"/>
				<Option working_dir="/home/mtesseract/dev/cpp/mach"/>
				<Option object_output="./"/>
				<Option type="1"/>
				<Option compiler="clang"/>
				<Compiler>
					<Add directory="/home/mtesseract/dev/cpp/mach/src"/>
					<Add directory="/home/mtesseract/dev/cpp/mach/include"/>
					<Add directory="/usr/bin/../lib64/gcc/x86_64-pc-linux-gnu/9.1.0/../../../../include/c++/9.1.0"/>
					<Add directory="/usr/bin/../lib64/gcc/x86_64-pc-linux-gnu/9.1.0/../../../../include/c++/9.1.0/x86_64-pc-linux-gnu"/>
					<Add directory="/usr/bin/../lib64/gcc/x86_64-pc-linux-gnu/9.1.0/../../../../include/c++/9.1.0/backward"/>
					<Add directory="/usr/local/include"/>
					<Add directory="/usr/lib/clang/8.0.0/include"/>
					<Add directory="/usr/include"/>
				</Compiler>
				<MakeCommands>
					<Build command="/usr/bin/make -j8 -f &quot;/home/mtesseract/dev/cpp/mach/Makefile&quot;  VERBOSE=1 mach"/>
					<CompileFile command="/usr/bin/make -j8 -f &quot;/home/mtesseract/dev/cpp/mach/Makefile&quot;  VERBOSE=1 &quot;$file&quot;"/>
					<Clean command="/usr/bin/make -j8 -f &quot;/home/mtesseract/dev/cpp/mach/Makefile&quot;  VERBOSE=1 clean"/>
					<DistClean command="/usr/bin/make -j8 -f &quot;/home/mtesseract/dev/cpp/mach/Makefile&quot;  VERBOSE=1 clean"/>
				</MakeCommands>
			</Target>
			<Target title="mach/fast">
				<Option output="/home/mtesseract/dev/cpp/mach/mach" prefix_auto="0" extension_auto="0"/>
				<Option working_dir="/home/mtesseract/dev/cpp/mach"/>
				<Option object_output="./"/>
				<Option type="1"/>
				<Option compiler="clang"/>
				<Compiler>
					<Add directory="/home/mtesseract/dev/cpp/mach/src"/>
					<Add directory="/home/mtesseract/dev/cpp/mach/include"/>
					<Add directory="/usr/bin/../lib64/gcc/x86_64-pc-linux-gnu/9.1.0/../../../../include/c++/9.1.0"/>
					<Add directory="/usr/bin/../lib64/gcc/x86_64-pc-linux-gnu/9.1.0/../../../../include/c++/9.1.0/x86_64-pc-linux-gnu"/>
					<Add directory="/usr/bin/../lib64/gcc/x86_64-pc-linux-gnu/9.1.0/../../../../include/c++/9.1.0/backward"/>
					<Add directory="/usr/local/include"/>
					<Add directory="/usr/lib/clang/8.0.0/include"/>
					<Add directory="/usr/include"/>
				</Compiler>
				<MakeCommands>
					<Build command="/usr/bin/make -j8 -f &quot;/home/mtesseract/dev/cpp/mach/Makefile&quot;  VERBOSE=1 mach/fast"/>
					<CompileFile command="/usr/bin/make -j8 -f &quot;/home/mtesseract/dev/cpp/mach/Makefile&quot;  VERBOSE=1 &quot;$file&quot;"/>
					<Clean command="/usr/bin/make -j8 -f &quot;/home/mtesseract/dev/cpp/mach/Makefile&quot;  VERBOSE=1 clean"/>
					<DistClean command="/usr/bin/make -j8 -f &quot;/home/mtesseract/dev/cpp/mach/Makefile&quot;  VERBOSE=1 clean"/>
				</MakeCommands>
			</Target>
			<Target title="edit_cache">
				<Option working_dir="/home/mtesseract/dev/cpp/mach"/>
				<Option type="4"/>
				<MakeCommands>
					<Build command="/usr/bin/make -j8 -f &quot;/home/mtesseract/dev/cpp/mach/Makefile&quot;  VERBOSE=1 edit_cache"/>
					<CompileFile command="/usr/bin/make -j8 -f &quot;/home/mtesseract/dev/cpp/mach/Makefile&quot;  VERBOSE=1 &quot;$file&quot;"/>
					<Clean command="/usr/bin/make -j8 -f &quot;/home/mtesseract/dev/cpp/mach/Makefile&quot;  VERBOSE=1 clean"/>
					<DistClean command="/usr/bin/make -j8 -f &quot;/home/mtesseract/dev/cpp/mach/Makefile&quot;  VERBOSE=1 clean"/>
				</MakeCommands>
			</Target>
		</Build>
		<Unit filename="/home/mtesseract/dev/cpp/mach/lib/glad.c">
			<Option target="mach"/>
		</Unit>
		<Unit filename="/home/mtesseract/dev/cpp/mach/src/MachApplication.cpp">
			<Option target="mach"/>
		</Unit>
		<Unit filename="/home/mtesseract/dev/cpp/mach/src/MachApplication.hpp">
			<Option target="mach"/>
		</Unit>
		<Unit filename="/home/mtesseract/dev/cpp/mach/src/auxiliary/Constants.hpp">
			<Option target="mach"/>
		</Unit>
		<Unit filename="/home/mtesseract/dev/cpp/mach/src/auxiliary/MachAssertion.hpp">
			<Option target="mach"/>
		</Unit>
		<Unit filename="/home/mtesseract/dev/cpp/mach/src/auxiliary/VectorUtils.hpp">
			<Option target="mach"/>
		</Unit>
		<Unit filename="/home/mtesseract/dev/cpp/mach/src/auxiliary/exceptions/NotImplemented.hpp">
			<Option target="mach"/>
		</Unit>
		<Unit filename="/home/mtesseract/dev/cpp/mach/src/auxiliary/logging/LogUtils.hpp">
			<Option target="mach"/>
		</Unit>
		<Unit filename="/home/mtesseract/dev/cpp/mach/src/auxiliary/logging/Logger.cpp">
			<Option target="mach"/>
		</Unit>
		<Unit filename="/home/mtesseract/dev/cpp/mach/src/auxiliary/logging/Logger.hpp">
			<Option target="mach"/>
		</Unit>
		<Unit filename="/home/mtesseract/dev/cpp/mach/src/auxiliary/parsing/ParserUtils.hpp">
			<Option target="mach"/>
		</Unit>
		<Unit filename="/home/mtesseract/dev/cpp/mach/src/auxiliary/time/TimeUtils.hpp">
			<Option target="mach"/>
		</Unit>
		<Unit filename="/home/mtesseract/dev/cpp/mach/src/auxiliary/time/Timer.cpp">
			<Option target="mach"/>
		</Unit>
		<Unit filename="/home/mtesseract/dev/cpp/mach/src/auxiliary/time/Timer.hpp">
			<Option target="mach"/>
		</Unit>
		<Unit filename="/home/mtesseract/dev/cpp/mach/src/graphics/debug/OpenGLDebug.hpp">
			<Option target="mach"/>
		</Unit>
		<Unit filename="/home/mtesseract/dev/cpp/mach/src/graphics/geometry/Mesh.hpp">
			<Option target="mach"/>
		</Unit>
		<Unit filename="/home/mtesseract/dev/cpp/mach/src/graphics/model/Model.hpp">
			<Option target="mach"/>
		</Unit>
		<Unit filename="/home/mtesseract/dev/cpp/mach/src/graphics/model/WaveformObj.hpp">
			<Option target="mach"/>
		</Unit>
		<Unit filename="/home/mtesseract/dev/cpp/mach/src/graphics/renderer/OpenGLRenderer.cpp">
			<Option target="mach"/>
		</Unit>
		<Unit filename="/home/mtesseract/dev/cpp/mach/src/graphics/renderer/OpenGLRenderer.hpp">
			<Option target="mach"/>
		</Unit>
		<Unit filename="/home/mtesseract/dev/cpp/mach/src/graphics/renderer/Renderer.cpp">
			<Option target="mach"/>
		</Unit>
		<Unit filename="/home/mtesseract/dev/cpp/mach/src/graphics/renderer/Renderer.hpp">
			<Option target="mach"/>
		</Unit>
		<Unit filename="/home/mtesseract/dev/cpp/mach/src/graphics/shaders/GraphicsShader.hpp">
			<Option target="mach"/>
		</Unit>
		<Unit filename="/home/mtesseract/dev/cpp/mach/src/graphics/shaders/OpenGLShader.cpp">
			<Option target="mach"/>
		</Unit>
		<Unit filename="/home/mtesseract/dev/cpp/mach/src/graphics/shaders/OpenGLShader.hpp">
			<Option target="mach"/>
		</Unit>
		<Unit filename="/home/mtesseract/dev/cpp/mach/src/graphics/window/OpenGLWindow.cpp">
			<Option target="mach"/>
		</Unit>
		<Unit filename="/home/mtesseract/dev/cpp/mach/src/graphics/window/OpenGLWindow.hpp">
			<Option target="mach"/>
		</Unit>
		<Unit filename="/home/mtesseract/dev/cpp/mach/src/graphics/window/RenderWindow.cpp">
			<Option target="mach"/>
		</Unit>
		<Unit filename="/home/mtesseract/dev/cpp/mach/src/graphics/window/RenderWindow.hpp">
			<Option target="mach"/>
		</Unit>
		<Unit filename="/home/mtesseract/dev/cpp/mach/src/io/FileIO.hpp">
			<Option target="mach"/>
		</Unit>
		<Unit filename="/home/mtesseract/dev/cpp/mach/src/io/input/KeyInput.cpp">
			<Option target="mach"/>
		</Unit>
		<Unit filename="/home/mtesseract/dev/cpp/mach/src/io/input/KeyInput.hpp">
			<Option target="mach"/>
		</Unit>
		<Unit filename="/home/mtesseract/dev/cpp/mach/src/io/input/MouseInput.cpp">
			<Option target="mach"/>
		</Unit>
		<Unit filename="/home/mtesseract/dev/cpp/mach/src/io/input/MouseInput.hpp">
			<Option target="mach"/>
		</Unit>
		<Unit filename="/home/mtesseract/dev/cpp/mach/src/math/linalg/LinAlgTypes.hpp">
			<Option target="mach"/>
		</Unit>
		<Unit filename="/home/mtesseract/dev/cpp/mach/src/math/linalg/Matrix/Matrix.hpp">
			<Option target="mach"/>
		</Unit>
		<Unit filename="/home/mtesseract/dev/cpp/mach/src/math/linalg/Matrix/RotationMatrix.hpp">
			<Option target="mach"/>
		</Unit>
		<Unit filename="/home/mtesseract/dev/cpp/mach/src/math/linalg/Matrix/ScaleMatrix.hpp">
			<Option target="mach"/>
		</Unit>
		<Unit filename="/home/mtesseract/dev/cpp/mach/src/math/linalg/Quaternion.hpp">
			<Option target="mach"/>
		</Unit>
		<Unit filename="/home/mtesseract/dev/cpp/mach/src/math/linalg/Rotations.hpp">
			<Option target="mach"/>
		</Unit>
		<Unit filename="/home/mtesseract/dev/cpp/mach/src/math/linalg/Vector/Vector.hpp">
			<Option target="mach"/>
		</Unit>
		<Unit filename="/home/mtesseract/dev/cpp/mach/src/math/linalg/Vector/Vector2.hpp">
			<Option target="mach"/>
		</Unit>
		<Unit filename="/home/mtesseract/dev/cpp/mach/src/math/linalg/Vector/Vector3.hpp">
			<Option target="mach"/>
		</Unit>
		<Unit filename="/home/mtesseract/dev/cpp/mach/src/math/linalg/Vector/Vector4.hpp">
			<Option target="mach"/>
		</Unit>
		<Unit filename="/home/mtesseract/dev/cpp/mach/src/math/linalg/Vector/VectorTraits.hpp">
			<Option target="mach"/>
		</Unit>
		<Unit filename="/home/mtesseract/dev/cpp/mach/src/math/util/MathUtils.hpp">
			<Option target="mach"/>
		</Unit>
		<Unit filename="/home/mtesseract/dev/cpp/mach/src/math/util/NumberTraits.hpp">
			<Option target="mach"/>
		</Unit>
		<Unit filename="/home/mtesseract/dev/cpp/mach/tests/TestRunner.hpp">
			<Option target="mach"/>
		</Unit>
		<Unit filename="/home/mtesseract/dev/cpp/mach/tests/math/LinearAlgebraTests.hpp">
			<Option target="mach"/>
		</Unit>
		<Unit filename="/home/mtesseract/dev/cpp/mach/CMakeLists.txt">
			<Option virtualFolder="CMake Files\"/>
		</Unit>
		<Unit filename="/home/mtesseract/dev/cpp/mach/../../../../../usr/lib64/cmake/glfw3/glfw3Config.cmake">
			<Option virtualFolder="CMake Files\..\..\..\..\..\usr\lib64\cmake\glfw3\"/>
		</Unit>
		<Unit filename="/home/mtesseract/dev/cpp/mach/../../../../../usr/lib64/cmake/glfw3/glfw3ConfigVersion.cmake">
			<Option virtualFolder="CMake Files\..\..\..\..\..\usr\lib64\cmake\glfw3\"/>
		</Unit>
		<Unit filename="/home/mtesseract/dev/cpp/mach/../../../../../usr/lib64/cmake/glfw3/glfw3Targets-noconfig.cmake">
			<Option virtualFolder="CMake Files\..\..\..\..\..\usr\lib64\cmake\glfw3\"/>
		</Unit>
		<Unit filename="/home/mtesseract/dev/cpp/mach/../../../../../usr/lib64/cmake/glfw3/glfw3Targets.cmake">
			<Option virtualFolder="CMake Files\..\..\..\..\..\usr\lib64\cmake\glfw3\"/>
		</Unit>
	</Project>
</CodeBlocks_project_file>
